# This file is automatically @generated by Poetry and should not be changed by hand.

[[package]]
name = "ts3"
version = "1.0.11"
description = "TS3 Server Query API"
category = "main"
optional = false
python-versions = "*"
files = [
    {file = "ts3-1.0.11-py3-none-any.whl", hash = "sha256:65eae95451f89e4c22cd698e5526f304124ca929c9d98f0a74b042f9cc57d8d6"},
    {file = "ts3-1.0.11.tar.gz", hash = "sha256:5c7ddee40f4446d4b6c541665cc536d270481f82c27adfe1c2e371426ddbd0d7"},
]

[metadata]
lock-version = "2.0"
python-versions = "^3.8"
content-hash = "a89fa236e98ecb08f0229c3025e91c17670a00650ae054fbff2338977b90ccdd"
